// !$*UTF8*$!
{
	archiveVersion = 1;
	classes = {
	};
	objectVersion = 56;
	objects = {

/* Begin PBXBuildFile section */
		BF6F8D542A3A3B6C00CAB82C /* CityTourismApp.swift in Sources */ = {isa = PBXBuildFile; fileRef = BF6F8D532A3A3B6C00CAB82C /* CityTourismApp.swift */; };
		BF6F8D562A3A3B6C00CAB82C /* ContentView.swift in Sources */ = {isa = PBXBuildFile; fileRef = BF6F8D552A3A3B6C00CAB82C /* ContentView.swift */; };
		BF6F8D582A3A3B6E00CAB82C /* Assets.xcassets in Resources */ = {isa = PBXBuildFile; fileRef = BF6F8D572A3A3B6E00CAB82C /* Assets.xcassets */; };
		BF6F8D5B2A3A3B6E00CAB82C /* Preview Assets.xcassets in Resources */ = {isa = PBXBuildFile; fileRef = BF6F8D5A2A3A3B6E00CAB82C /* Preview Assets.xcassets */; };
		BF6F8D622A3A3FE000CAB82C /* User.swift in Sources */ = {isa = PBXBuildFile; fileRef = BF6F8D612A3A3FE000CAB82C /* User.swift */; };
		BF6F8D642A3A4ADE00CAB82C /* Activity.swift in Sources */ = {isa = PBXBuildFile; fileRef = BF6F8D632A3A4ADE00CAB82C /* Activity.swift */; };
		BF6F8D662A3A555E00CAB82C /* ActivitiesView.swift in Sources */ = {isa = PBXBuildFile; fileRef = BF6F8D652A3A555E00CAB82C /* ActivitiesView.swift */; };
		BF6F8D682A3A6AAB00CAB82C /* ActivityDetailsView.swift in Sources */ = {isa = PBXBuildFile; fileRef = BF6F8D672A3A6AAB00CAB82C /* ActivityDetailsView.swift */; };
/* End PBXBuildFile section */

/* Begin PBXFileReference section */
		BF6F8D502A3A3B6C00CAB82C /* CityTourism.app */ = {isa = PBXFileReference; explicitFileType = wrapper.application; includeInIndex = 0; path = CityTourism.app; sourceTree = BUILT_PRODUCTS_DIR; };
		BF6F8D532A3A3B6C00CAB82C /* CityTourismApp.swift */ = {isa = PBXFileReference; lastKnownFileType = sourcecode.swift; path = CityTourismApp.swift; sourceTree = "<group>"; };
		BF6F8D552A3A3B6C00CAB82C /* ContentView.swift */ = {isa = PBXFileReference; lastKnownFileType = sourcecode.swift; path = ContentView.swift; sourceTree = "<group>"; };
		BF6F8D572A3A3B6E00CAB82C /* Assets.xcassets */ = {isa = PBXFileReference; lastKnownFileType = folder.assetcatalog; path = Assets.xcassets; sourceTree = "<group>"; };
		BF6F8D5A2A3A3B6E00CAB82C /* Preview Assets.xcassets */ = {isa = PBXFileReference; lastKnownFileType = folder.assetcatalog; path = "Preview Assets.xcassets"; sourceTree = "<group>"; };
		BF6F8D612A3A3FE000CAB82C /* User.swift */ = {isa = PBXFileReference; lastKnownFileType = sourcecode.swift; path = User.swift; sourceTree = "<group>"; };
		BF6F8D632A3A4ADE00CAB82C /* Activity.swift */ = {isa = PBXFileReference; lastKnownFileType = sourcecode.swift; path = Activity.swift; sourceTree = "<group>"; };
		BF6F8D652A3A555E00CAB82C /* ActivitiesView.swift */ = {isa = PBXFileReference; lastKnownFileType = sourcecode.swift; path = ActivitiesView.swift; sourceTree = "<group>"; };
		BF6F8D672A3A6AAB00CAB82C /* ActivityDetailsView.swift */ = {isa = PBXFileReference; lastKnownFileType = sourcecode.swift; path = ActivityDetailsView.swift; sourceTree = "<group>"; };
/* End PBXFileReference section */

/* Begin PBXFrameworksBuildPhase section */
		BF6F8D4D2A3A3B6C00CAB82C /* Frameworks */ = {
			isa = PBXFrameworksBuildPhase;
			buildActionMask = 2147483647;
			files = (
			);
			runOnlyForDeploymentPostprocessing = 0;
		};
/* End PBXFrameworksBuildPhase section */

/* Begin PBXGroup section */
		BF6F8D472A3A3B6C00CAB82C = {
			isa = PBXGroup;
			children = (
				BF6F8D522A3A3B6C00CAB82C /* CityTourism */,
				BF6F8D512A3A3B6C00CAB82C /* Products */,
			);
			sourceTree = "<group>";
		};
		BF6F8D512A3A3B6C00CAB82C /* Products */ = {
			isa = PBXGroup;
			children = (
				BF6F8D502A3A3B6C00CAB82C /* CityTourism.app */,
			);
			name = Products;
			sourceTree = "<group>";
		};
		BF6F8D522A3A3B6C00CAB82C /* CityTourism */ = {
			isa = PBXGroup;
			children = (
				BF6F8D532A3A3B6C00CAB82C /* CityTourismApp.swift */,
				BF6F8D552A3A3B6C00CAB82C /* ContentView.swift */,
				BF6F8D572A3A3B6E00CAB82C /* Assets.xcassets */,
				BF6F8D592A3A3B6E00CAB82C /* Preview Content */,
				BF6F8D612A3A3FE000CAB82C /* User.swift */,
				BF6F8D632A3A4ADE00CAB82C /* Activity.swift */,
				BF6F8D652A3A555E00CAB82C /* ActivitiesView.swift */,
				BF6F8D672A3A6AAB00CAB82C /* ActivityDetailsView.swift */,
			);
			path = CityTourism;
			sourceTree = "<group>";
		};
		BF6F8D592A3A3B6E00CAB82C /* Preview Content */ = {
			isa = PBXGroup;
			children = (
				BF6F8D5A2A3A3B6E00CAB82C /* Preview Assets.xcassets */,
			);
			path = "Preview Content";
			sourceTree = "<group>";
		};
/* End PBXGroup section */

/* Begin PBXNativeTarget section */
		BF6F8D4F2A3A3B6C00CAB82C /* CityTourism */ = {
			isa = PBXNativeTarget;
			buildConfigurationList = BF6F8D5E2A3A3B6E00CAB82C /* Build configuration list for PBXNativeTarget "CityTourism" */;
			buildPhases = (
				BF6F8D4C2A3A3B6C00CAB82C /* Sources */,
				BF6F8D4D2A3A3B6C00CAB82C /* Frameworks */,
				BF6F8D4E2A3A3B6C00CAB82C /* Resources */,
			);
			buildRules = (
			);
			dependencies = (
			);
			name = CityTourism;
			productName = CityTourism;
			productReference = BF6F8D502A3A3B6C00CAB82C /* CityTourism.app */;
			productType = "com.apple.product-type.application";
		};
/* End PBXNativeTarget section */

/* Begin PBXProject section */
		BF6F8D482A3A3B6C00CAB82C /* Project object */ = {
			isa = PBXProject;
			attributes = {
				BuildIndependentTargetsInParallel = 1;
				LastSwiftUpdateCheck = 1430;
				LastUpgradeCheck = 1430;
				TargetAttributes = {
					BF6F8D4F2A3A3B6C00CAB82C = {
						CreatedOnToolsVersion = 14.3.1;
					};
				};
			};
			buildConfigurationList = BF6F8D4B2A3A3B6C00CAB82C /* Build configuration list for PBXProject "CityTourism" */;
			compatibilityVersion = "Xcode 14.0";
			developmentRegion = en;
			hasScannedForEncodings = 0;
			knownRegions = (
				en,
				Base,
			);
			mainGroup = BF6F8D472A3A3B6C00CAB82C;
			productRefGroup = BF6F8D512A3A3B6C00CAB82C /* Products */;
			projectDirPath = "";
			projectRoot = "";
			targets = (
				BF6F8D4F2A3A3B6C00CAB82C /* CityTourism */,
			);
		};
/* End PBXProject section */

/* Begin PBXResourcesBuildPhase section */
		BF6F8D4E2A3A3B6C00CAB82C /* Resources */ = {
			isa = PBXResourcesBuildPhase;
			buildActionMask = 2147483647;
			files = (
				BF6F8D5B2A3A3B6E00CAB82C /* Preview Assets.xcassets in Resources */,
				BF6F8D582A3A3B6E00CAB82C /* Assets.xcassets in Resources */,
			);
			runOnlyForDeploymentPostprocessing = 0;
		};
/* End PBXResourcesBuildPhase section */

/* Begin PBXSourcesBuildPhase section */
		BF6F8D4C2A3A3B6C00CAB82C /* Sources */ = {
			isa = PBXSourcesBuildPhase;
			buildActionMask = 2147483647;
			files = (
				BF6F8D562A3A3B6C00CAB82C /* ContentView.swift in Sources */,
				BF6F8D542A3A3B6C00CAB82C /* CityTourismApp.swift in Sources */,
				BF6F8D642A3A4ADE00CAB82C /* Activity.swift in Sources */,
				BF6F8D622A3A3FE000CAB82C /* User.swift in Sources */,
				BF6F8D682A3A6AAB00CAB82C /* ActivityDetailsView.swift in Sources */,
				BF6F8D662A3A555E00CAB82C /* ActivitiesView.swift in Sources */,
			);
			runOnlyForDeploymentPostprocessing = 0;
		};
/* End PBXSourcesBuildPhase section */

/* Begin XCBuildConfiguration section */
		BF6F8D5C2A3A3B6E00CAB82C /* Debug */ = {
			isa = XCBuildConfiguration;
			buildSettings = {
				ALWAYS_SEARCH_USER_PATHS = NO;
				CLANG_ANALYZER_NONNULL = YES;
				CLANG_ANALYZER_NUMBER_OBJECT_CONVERSION = YES_AGGRESSIVE;
				CLANG_CXX_LANGUAGE_STANDARD = "gnu++20";
				CLANG_ENABLE_MODULES = YES;
				CLANG_ENABLE_OBJC_ARC = YES;
				CLANG_ENABLE_OBJC_WEAK = YES;
				CLANG_WARN_BLOCK_CAPTURE_AUTORELEASING = YES;
				CLANG_WARN_BOOL_CONVERSION = YES;
				CLANG_WARN_COMMA = YES;
				CLANG_WARN_CONSTANT_CONVERSION = YES;
				CLANG_WARN_DEPRECATED_OBJC_IMPLEMENTATIONS = YES;
				CLANG_WARN_DIRECT_OBJC_ISA_USAGE = YES_ERROR;
				CLANG_WARN_DOCUMENTATION_COMMENTS = YES;
				CLANG_WARN_EMPTY_BODY = YES;
				CLANG_WARN_ENUM_CONVERSION = YES;
				CLANG_WARN_INFINITE_RECURSION = YES;
				CLANG_WARN_INT_CONVERSION = YES;
				CLANG_WARN_NON_LITERAL_NULL_CONVERSION = YES;
				CLANG_WARN_OBJC_IMPLICIT_RETAIN_SELF = YES;
				CLANG_WARN_OBJC_LITERAL_CONVERSION = YES;
				CLANG_WARN_OBJC_ROOT_CLASS = YES_ERROR;
				CLANG_WARN_QUOTED_INCLUDE_IN_FRAMEWORK_HEADER = YES;
				CLANG_WARN_RANGE_LOOP_ANALYSIS = YES;
				CLANG_WARN_STRICT_PROTOTYPES = YES;
				CLANG_WARN_SUSPICIOUS_MOVE = YES;
				CLANG_WARN_UNGUARDED_AVAILABILITY = YES_AGGRESSIVE;
				CLANG_WARN_UNREACHABLE_CODE = YES;
				CLANG_WARN__DUPLICATE_METHOD_MATCH = YES;
				COPY_PHASE_STRIP = NO;
				DEBUG_INFORMATION_FORMAT = dwarf;
				ENABLE_STRICT_OBJC_MSGSEND = YES;
				ENABLE_TESTABILITY = YES;
				GCC_C_LANGUAGE_STANDARD = gnu11;
				GCC_DYNAMIC_NO_PIC = NO;
				GCC_NO_COMMON_BLOCKS = YES;
				GCC_OPTIMIZATION_LEVEL = 0;
				GCC_PREPROCESSOR_DEFINITIONS = (
					"DEBUG=1",
					"$(inherited)",
				);
				GCC_WARN_64_TO_32_BIT_CONVERSION = YES;
				GCC_WARN_ABOUT_RETURN_TYPE = YES_ERROR;
				GCC_WARN_UNDECLARED_SELECTOR = YES;
				GCC_WARN_UNINITIALIZED_AUTOS = YES_AGGRESSIVE;
				GCC_WARN_UNUSED_FUNCTION = YES;
				GCC_WARN_UNUSED_VARIABLE = YES;
				IPHONEOS_DEPLOYMENT_TARGET = 16.4;
				MTL_ENABLE_DEBUG_INFO = INCLUDE_SOURCE;
				MTL_FAST_MATH = YES;
				ONLY_ACTIVE_ARCH = YES;
				SDKROOT = iphoneos;
				SWIFT_ACTIVE_COMPILATION_CONDITIONS = DEBUG;
				SWIFT_OPTIMIZATION_LEVEL = "-Onone";
			};
			name = Debug;
		};
		BF6F8D5D2A3A3B6E00CAB82C /* Release */ = {
			isa = XCBuildConfiguration;
			buildSettings = {
				ALWAYS_SEARCH_USER_PATHS = NO;
				CLANG_ANALYZER_NONNULL = YES;
				CLANG_ANALYZER_NUMBER_OBJECT_CONVERSION = YES_AGGRESSIVE;
				CLANG_CXX_LANGUAGE_STANDARD = "gnu++20";
				CLANG_ENABLE_MODULES = YES;
				CLANG_ENABLE_OBJC_ARC = YES;
				CLANG_ENABLE_OBJC_WEAK = YES;
				CLANG_WARN_BLOCK_CAPTURE_AUTORELEASING = YES;
				CLANG_WARN_BOOL_CONVERSION = YES;
				CLANG_WARN_COMMA = YES;
				CLANG_WARN_CONSTANT_CONVERSION = YES;
				CLANG_WARN_DEPRECATED_OBJC_IMPLEMENTATIONS = YES;
				CLANG_WARN_DIRECT_OBJC_ISA_USAGE = YES_ERROR;
				CLANG_WARN_DOCUMENTATION_COMMENTS = YES;
				CLANG_WARN_EMPTY_BODY = YES;
				CLANG_WARN_ENUM_CONVERSION = YES;
				CLANG_WARN_INFINITE_RECURSION = YES;
				CLANG_WARN_INT_CONVERSION = YES;
				CLANG_WARN_NON_LITERAL_NULL_CONVERSION = YES;
				CLANG_WARN_OBJC_IMPLICIT_RETAIN_SELF = YES;
				CLANG_WARN_OBJC_LITERAL_CONVERSION = YES;
				CLANG_WARN_OBJC_ROOT_CLASS = YES_ERROR;
				CLANG_WARN_QUOTED_INCLUDE_IN_FRAMEWORK_HEADER = YES;
				CLANG_WARN_RANGE_LOOP_ANALYSIS = YES;
				CLANG_WARN_STRICT_PROTOTYPES = YES;
				CLANG_WARN_SUSPICIOUS_MOVE = YES;
				CLANG_WARN_UNGUARDED_AVAILABILITY = YES_AGGRESSIVE;
				CLANG_WARN_UNREACHABLE_CODE = YES;
				CLANG_WARN__DUPLICATE_METHOD_MATCH = YES;
				COPY_PHASE_STRIP = NO;
				DEBUG_INFORMATION_FORMAT = "dwarf-with-dsym";
				ENABLE_NS_ASSERTIONS = NO;
				ENABLE_STRICT_OBJC_MSGSEND = YES;
				GCC_C_LANGUAGE_STANDARD = gnu11;
				GCC_NO_COMMON_BLOCKS = YES;
				GCC_WARN_64_TO_32_BIT_CONVERSION = YES;
				GCC_WARN_ABOUT_RETURN_TYPE = YES_ERROR;
				GCC_WARN_UNDECLARED_SELECTOR = YES;
				GCC_WARN_UNINITIALIZED_AUTOS = YES_AGGRESSIVE;
				GCC_WARN_UNUSED_FUNCTION = YES;
				GCC_WARN_UNUSED_VARIABLE = YES;
				IPHONEOS_DEPLOYMENT_TARGET = 16.4;
				MTL_ENABLE_DEBUG_INFO = NO;
				MTL_FAST_MATH = YES;
				SDKROOT = iphoneos;
				SWIFT_COMPILATION_MODE = wholemodule;
				SWIFT_OPTIMIZATION_LEVEL = "-O";
				VALIDATE_PRODUCT = YES;
			};
			name = Release;
		};
		BF6F8D5F2A3A3B6E00CAB82C /* Debug */ = {
			isa = XCBuildConfiguration;
			buildSettings = {
				ASSETCATALOG_COMPILER_APPICON_NAME = AppIcon;
				ASSETCATALOG_COMPILER_GLOBAL_ACCENT_COLOR_NAME = AccentColor;
				CODE_SIGN_STYLE = Automatic;
				CURRENT_PROJECT_VERSION = 1;
				DEVELOPMENT_ASSET_PATHS = "\"CityTourism/Preview Content\"";
				ENABLE_PREVIEWS = YES;
				GENERATE_INFOPLIST_FILE = YES;
				INFOPLIST_KEY_UIApplicationSceneManifest_Generation = YES;
				INFOPLIST_KEY_UIApplicationSupportsIndirectInputEvents = YES;
				INFOPLIST_KEY_UILaunchScreen_Generation = YES;
				INFOPLIST_KEY_UISupportedInterfaceOrientations_iPad = "UIInterfaceOrientationPortrait UIInterfaceOrientationPortraitUpsideDown UIInterfaceOrientationLandscapeLeft UIInterfaceOrientationLandscapeRight";
				INFOPLIST_KEY_UISupportedInterfaceOrientations_iPhone = "UIInterfaceOrientationPortrait UIInterfaceOrientationLandscapeLeft UIInterfaceOrientationLandscapeRight";
				LD_RUNPATH_SEARCH_PATHS = (
					"$(inherited)",
					"@executable_path/Frameworks",
				);
				MARKETING_VERSION = 1.0;
				PRODUCT_BUNDLE_IDENTIFIER = gbc.ca.CityTourism;
				PRODUCT_NAME = "$(TARGET_NAME)";
				SWIFT_EMIT_LOC_STRINGS = YES;
				SWIFT_VERSION = 5.0;
				TARGETED_DEVICE_FAMILY = "1,2";
			};
			name = Debug;
		};
		BF6F8D602A3A3B6E00CAB82C /* Release */ = {
			isa = XCBuildConfiguration;
			buildSettings = {
				ASSETCATALOG_COMPILER_APPICON_NAME = AppIcon;
				ASSETCATALOG_COMPILER_GLOBAL_ACCENT_COLOR_NAME = AccentColor;
				CODE_SIGN_STYLE = Automatic;
				CURRENT_PROJECT_VERSION = 1;
				DEVELOPMENT_ASSET_PATHS = "\"CityTourism/Preview Content\"";
				ENABLE_PREVIEWS = YES;
				GENERATE_INFOPLIST_FILE = YES;
				INFOPLIST_KEY_UIApplicationSceneManifest_Generation = YES;
				INFOPLIST_KEY_UIApplicationSupportsIndirectInputEvents = YES;
				INFOPLIST_KEY_UILaunchScreen_Generation = YES;
				INFOPLIST_KEY_UISupportedInterfaceOrientations_iPad = "UIInterfaceOrientationPortrait UIInterfaceOrientationPortraitUpsideDown UIInterfaceOrientationLandscapeLeft UIInterfaceOrientationLandscapeRight";
				INFOPLIST_KEY_UISupportedInterfaceOrientations_iPhone = "UIInterfaceOrientationPortrait UIInterfaceOrientationLandscapeLeft UIInterfaceOrientationLandscapeRight";
				LD_RUNPATH_SEARCH_PATHS = (
					"$(inherited)",
					"@executable_path/Frameworks",
				);
				MARKETING_VERSION = 1.0;
				PRODUCT_BUNDLE_IDENTIFIER = gbc.ca.CityTourism;
				PRODUCT_NAME = "$(TARGET_NAME)";
				SWIFT_EMIT_LOC_STRINGS = YES;
				SWIFT_VERSION = 5.0;
				TARGETED_DEVICE_FAMILY = "1,2";
			};
			name = Release;
		};
/* End XCBuildConfiguration section */

/* Begin XCConfigurationList section */
		BF6F8D4B2A3A3B6C00CAB82C /* Build configuration list for PBXProject "CityTourism" */ = {
			isa = XCConfigurationList;
			buildConfigurations = (
				BF6F8D5C2A3A3B6E00CAB82C /* Debug */,
				BF6F8D5D2A3A3B6E00CAB82C /* Release */,
			);
			defaultConfigurationIsVisible = 0;
			defaultConfigurationName = Release;
		};
		BF6F8D5E2A3A3B6E00CAB82C /* Build configuration list for PBXNativeTarget "CityTourism" */ = {
			isa = XCConfigurationList;
			buildConfigurations = (
				BF6F8D5F2A3A3B6E00CAB82C /* Debug */,
				BF6F8D602A3A3B6E00CAB82C /* Release */,
			);
			defaultConfigurationIsVisible = 0;
			defaultConfigurationName = Release;
		};
/* End XCConfigurationList section */
	};
	rootObject = BF6F8D482A3A3B6C00CAB82C /* Project object */;
}
